
Microsoft Visual Studio Solution File, Format Version 12.00
# Visual Studio Version 17
VisualStudioVersion = 17.5.2.0
MinimumVisualStudioVersion = 10.0.40219.1
Project("{FAE04EC0-301F-11D3-BF4B-00C04F79EFBC}") = "LargeFilesProcessing", "LargeFilesProcessing.csproj", "{AF4B3D0C-A3F6-F548-319B-14CC8DD76176}"
EndProject
Project("{FAE04EC0-301F-11D3-BF4B-00C04F79EFBC}") = "LargeTestFileTool.Tests", "LargeTestFileTool.Tests\LargeTestFileTool.Tests.csproj", "{B4508096-3B0D-4B42-AEFA-F36B0FD30DC9}"
EndProject
Global
	GlobalSection(SolutionConfigurationPlatforms) = preSolution
		Debug|Any CPU = Debug|Any CPU
		Debug|x64 = Debug|x64
		Debug|x86 = Debug|x86
		Release|Any CPU = Release|Any CPU
		Release|x64 = Release|x64
		Release|x86 = Release|x86
	EndGlobalSection
	GlobalSection(ProjectConfigurationPlatforms) = postSolution
		{AF4B3D0C-A3F6-F548-319B-14CC8DD76176}.Debug|Any CPU.ActiveCfg = Debug|Any CPU
		{AF4B3D0C-A3F6-F548-319B-14CC8DD76176}.Debug|Any CPU.Build.0 = Debug|Any CPU
		{AF4B3D0C-A3F6-F548-319B-14CC8DD76176}.Debug|x64.ActiveCfg = Debug|Any CPU
		{AF4B3D0C-A3F6-F548-319B-14CC8DD76176}.Debug|x64.Build.0 = Debug|Any CPU
		{AF4B3D0C-A3F6-F548-319B-14CC8DD76176}.Debug|x86.ActiveCfg = Debug|Any CPU
		{AF4B3D0C-A3F6-F548-319B-14CC8DD76176}.Debug|x86.Build.0 = Debug|Any CPU
		{AF4B3D0C-A3F6-F548-319B-14CC8DD76176}.Release|Any CPU.ActiveCfg = Release|Any CPU
		{AF4B3D0C-A3F6-F548-319B-14CC8DD76176}.Release|Any CPU.Build.0 = Release|Any CPU
		{AF4B3D0C-A3F6-F548-319B-14CC8DD76176}.Release|x64.ActiveCfg = Release|Any CPU
		{AF4B3D0C-A3F6-F548-319B-14CC8DD76176}.Release|x64.Build.0 = Release|Any CPU
		{AF4B3D0C-A3F6-F548-319B-14CC8DD76176}.Release|x86.ActiveCfg = Release|Any CPU
		{AF4B3D0C-A3F6-F548-319B-14CC8DD76176}.Release|x86.Build.0 = Release|Any CPU
		{B4508096-3B0D-4B42-AEFA-F36B0FD30DC9}.Debug|Any CPU.ActiveCfg = Debug|Any CPU
		{B4508096-3B0D-4B42-AEFA-F36B0FD30DC9}.Debug|Any CPU.Build.0 = Debug|Any CPU
		{B4508096-3B0D-4B42-AEFA-F36B0FD30DC9}.Debug|x64.ActiveCfg = Debug|Any CPU
		{B4508096-3B0D-4B42-AEFA-F36B0FD30DC9}.Debug|x64.Build.0 = Debug|Any CPU
		{B4508096-3B0D-4B42-AEFA-F36B0FD30DC9}.Debug|x86.ActiveCfg = Debug|Any CPU
		{B4508096-3B0D-4B42-AEFA-F36B0FD30DC9}.Debug|x86.Build.0 = Debug|Any CPU
		{B4508096-3B0D-4B42-AEFA-F36B0FD30DC9}.Release|Any CPU.ActiveCfg = Release|Any CPU
		{B4508096-3B0D-4B42-AEFA-F36B0FD30DC9}.Release|Any CPU.Build.0 = Release|Any CPU
		{B4508096-3B0D-4B42-AEFA-F36B0FD30DC9}.Release|x64.ActiveCfg = Release|Any CPU
		{B4508096-3B0D-4B42-AEFA-F36B0FD30DC9}.Release|x64.Build.0 = Release|Any CPU
		{B4508096-3B0D-4B42-AEFA-F36B0FD30DC9}.Release|x86.ActiveCfg = Release|Any CPU
		{B4508096-3B0D-4B42-AEFA-F36B0FD30DC9}.Release|x86.Build.0 = Release|Any CPU
	EndGlobalSection
	GlobalSection(SolutionProperties) = preSolution
		HideSolutionNode = FALSE
	EndGlobalSection
	GlobalSection(ExtensibilityGlobals) = postSolution
		SolutionGuid = {26AA8706-E3B1-48EB-AC9F-848C0D58FD2D}
	EndGlobalSection
EndGlobal
